
Microsoft Visual Studio Solution File, Format Version 12.00
# Visual Studio Version 16
VisualStudioVersion = 16.0.32228.343
MinimumVisualStudioVersion = 10.0.40219.1
Project("{8BC9CEB8-8B4A-11D0-8D11-00A0C91BC942}") = "RayTracingInOneWeekend", "RayTracingInOneWeekend.vcxproj", "{1FDBA051-6037-49CA-B045-9AE20A41E23E}"
EndProject
Global
	GlobalSection(SolutionConfigurationPlatforms) = preSolution
		Debug|x64 = Debug|x64
		Release|x64 = Release|x64
	EndGlobalSection
	GlobalSection(ProjectConfigurationPlatforms) = postSolution
		{1FDBA051-6037-49CA-B045-9AE20A41E23E}.Debug|x64.ActiveCfg = Debug|x64
		{1FDBA051-6037-49CA-B045-9AE20A41E23E}.Debug|x64.Build.0 = Debug|x64
		{1FDBA051-6037-49CA-B045-9AE20A41E23E}.Release|x64.ActiveCfg = Release|x64
		{1FDBA051-6037-49CA-B045-9AE20A41E23E}.Release|x64.Build.0 = Release|x64
	EndGlobalSection
	GlobalSection(SolutionProperties) = preSolution
		HideSolutionNode = FALSE
	EndGlobalSection
	GlobalSection(ExtensibilityGlobals) = postSolution
		SolutionGuid = {0D571C46-6496-48CD-9EE3-D24DD1BBD21D}
	EndGlobalSection
EndGlobal
